{
    "_meta": {
        "hash": {
            "sha256": "5030eaf483c34dd8d59c3d1bc4a73466f41b2dbc8c0f8d02384ed836a15a376b"
        },
        "pipfile-spec": 6,
        "requires": {
            "python_version": "3.9"
        },
        "sources": [
            {
                "name": "pypi",
                "url": "https://pypi.python.org/simple",
                "verify_ssl": true
            }
        ]
    },
    "default": {},
    "develop": {
        "appdirs": {
            "hashes": [
                "sha256:7d5d0167b2b1ba821647616af46a749d1c653740dd0d2415100fe26e27afdf41",
                "sha256:a841dacd6b99318a741b166adb07e19ee71a274450e68237b4650ca1055ab128"
            ],
            "version": "==1.4.4"
        },
        "aspy.refactor-imports": {
            "hashes": [
                "sha256:78ca24122963fd258ebfc4a8dc708d23a18040ee39dca8767675821e84e9ea0a",
                "sha256:7a18039d2e8be6b02b4791ce98891deb46b459b575c52ed35ab818c4eaa0c098"
            ],
            "markers": "python_full_version >= '3.6.1'",
            "version": "==2.2.0"
        },
        "attrs": {
            "hashes": [
                "sha256:149e90d6d8ac20db7a955ad60cf0e6881a3f20d37096140088356da6c716b0b1",
                "sha256:ef6aaac3ca6cd92904cdd0d83f629a15f18053ec84e6432106f7a4d04ae4f5fb"
            ],
            "markers": "python_version >= '2.7' and python_version not in '3.0, 3.1, 3.2, 3.3, 3.4'",
            "version": "==21.2.0"
        },
        "black": {
            "hashes": [
                "sha256:1c7aa6ada8ee864db745b22790a32f94b2795c253a75d6d9b5e439ff10d23116",
                "sha256:c8373c6491de9362e39271630b65b964607bc5c79c83783547d76c839b3aa219"
            ],
            "index": "pypi",
            "version": "==21.7b0"
        },
        "cached-property": {
            "hashes": [
                "sha256:9fa5755838eecbb2d234c3aa390bd80fbd3ac6b6869109bfc1b499f7bd89a130",
                "sha256:df4f613cf7ad9a588cc381aaf4a512d26265ecebd5eb9e1ba12f1319eb85a6a0"
            ],
            "version": "==1.5.2"
        },
        "click": {
            "hashes": [
                "sha256:8c04c11192119b1ef78ea049e0a6f0463e4c48ef00a30160c704337586f3ad7a",
                "sha256:fba402a4a47334742d782209a7c79bc448911afe1149d07bdabdf480b3e2f4b6"
            ],
            "markers": "python_version >= '3.6'",
            "version": "==8.0.1"
        },
        "iniconfig": {
            "hashes": [
                "sha256:011e24c64b7f47f6ebd835bb12a743f2fbe9a26d4cecaa7f53bc4f35ee9da8b3",
                "sha256:bc3af051d7d14b2ee5ef9969666def0cd1a000e121eaea580d4a313df4b37f32"
            ],
            "version": "==1.1.1"
        },
        "mypy-extensions": {
            "hashes": [
                "sha256:090fedd75945a69ae91ce1303b5824f428daf5a028d2f6ab8a299250a846f15d",
                "sha256:2d82818f5bb3e369420cb3c4060a7970edba416647068eb4c5343488a6c604a8"
            ],
            "version": "==0.4.3"
        },
        "packaging": {
            "hashes": [
                "sha256:7dc96269f53a4ccec5c0670940a4281106dd0bb343f47b7471f779df49c2fbe7",
                "sha256:c86254f9220d55e31cc94d69bade760f0847da8000def4dfe1c6b872fd14ff14"
            ],
            "markers": "python_version >= '3.6'",
            "version": "==21.0"
        },
        "pathspec": {
            "hashes": [
                "sha256:7d15c4ddb0b5c802d161efc417ec1a2558ea2653c2e8ad9c19098201dc1c993a",
                "sha256:e564499435a2673d586f6b2130bb5b95f04a3ba06f81b8f895b651a3c76aabb1"
            ],
            "version": "==0.9.0"
        },
        "pluggy": {
            "hashes": [
                "sha256:265a94bf44ca13662f12fcd1b074c14d4b269a712f051b6f644ef7e705d6735f",
                "sha256:467f0219e89bb5061a8429c6fc5cf055fa3983a0e68e84a1d205046306b37d9e"
            ],
            "markers": "python_version >= '2.7' and python_version not in '3.0, 3.1, 3.2, 3.3'",
            "version": "==1.0.0.dev0"
        },
        "py": {
            "hashes": [
                "sha256:21b81bda15b66ef5e1a777a21c4dcd9c20ad3efd0b3f817e7a809035269e1bd3",
                "sha256:3b80836aa6d1feeaa108e046da6423ab8f6ceda6468545ae8d02d9d58d18818a"
            ],
            "markers": "python_version >= '2.7' and python_version not in '3.0, 3.1, 3.2, 3.3'",
            "version": "==1.10.0"
        },
        "pyparsing": {
            "hashes": [
                "sha256:10f1886e70da7b76ca1b4cf9bbd60f708ef037892496d5cb7c77ab2982412b2d",
                "sha256:e96a96967098a5221a78bf94d72930cd1cfaf0ab88dae2ea6bfc2b8b8ccb1930"
            ],
            "markers": "python_version >= '3.5'",
            "version": "==3.0.0b3"
        },
        "pytest": {
            "hashes": [
                "sha256:50bcad0a0b9c5a72c8e4e7c9855a3ad496ca6a881a3641b4260605450772c54b",
                "sha256:91ef2131a9bd6be8f76f1f08eac5c5317221d6ad1e143ae03894b862e8976890"
            ],
            "index": "pypi",
            "version": "==6.2.4"
        },
        "regex": {
            "hashes": [
                "sha256:0696eb934dee723e3292056a2c046ddb1e4dd3887685783a9f4af638e85dee76",
                "sha256:105122fa63da98d8456d5026bc6ac5a1399fd82fa6bad22c6ea641b1572c9142",
                "sha256:116c277774f84266044e889501fe79cfd293a8b4336b7a5e89b9f20f1e5a9f21",
                "sha256:12eaf0bbe568bd62e6cade7937e0bf01a2a4cef49a82f4fd204401e78409e158",
                "sha256:1401cfa4320691cbd91191ec678735c727dee674d0997b0902a5a38ad482faf5",
                "sha256:19acdb8831a4e3b03b23369db43178d8fee1f17b99c83af6cd907886f76bd9d4",
                "sha256:208851a2f8dd31e468f0b5aa6c94433975bd67a107a4e7da3bdda947c9f85e25",
                "sha256:24d68499a27b2d93831fde4a9b84ea5b19e0ab141425fbc9ab1e5b4dad179df7",
                "sha256:2778c6cb379d804e429cc8e627392909e60db5152b42c695c37ae5757aae50ae",
                "sha256:2a0a5e323cf86760784ce2b91d8ab5ea09d0865d6ef4da0151e03d15d097b24e",
                "sha256:2d9cbe0c755ab8b6f583169c0783f7278fc6b195e423b09c5a8da6f858025e96",
                "sha256:2de1429e4eeab799c168a4f6e6eecdf30fcaa389bba4039cc8a065d6b7aad647",
                "sha256:32753eda8d413ce4f208cfe01dd61171a78068a6f5d5f38ccd751e00585cdf1d",
                "sha256:3ee8ad16a35c45a5bab098e39020ecb6fec3b0e700a9d88983d35cbabcee79c8",
                "sha256:4f03fc0a25122cdcbf39136510d4ea7627f732206892db522adf510bc03b8c67",
                "sha256:4f3e36086d6631ceaf468503f96a3be0d247caef0660c9452fb1b0c055783851",
                "sha256:503c1ba0920a46a1844363725215ef44d59fcac2bd2c03ae3c59aa9d08d29bd6",
                "sha256:507861cf3d97a86fbe26ea6cc04660ae028b9e4080b8290e28b99547b4e15d89",
                "sha256:56ae6e3cf0506ec0c40b466e31f41ee7a7149a2b505ae0ee50edd9043b423d27",
                "sha256:6530b7b9505123cdea40a2301225183ca65f389bc6129f0c225b9b41680268d8",
                "sha256:6729914dd73483cd1c8aaace3ac082436fc98b0072743ac136eaea0b3811d42f",
                "sha256:7406dd2e44c7cfb4680c0a45a03264381802c67890cf506c147288f04c67177d",
                "sha256:7684016b73938ca12d160d2907d141f06b7597bd17d854e32bb7588be01afa1d",
                "sha256:7db58ad61f3f6ea393aaf124d774ee0c58806320bc85c06dc9480f5c7219c250",
                "sha256:83946ca9278b304728b637bc8d8200ab1663a79de85e47724594917aeed0e892",
                "sha256:84057cfae5676f456b03970eb78b7e182fddc80c2daafd83465a3d6ca9ff8dbf",
                "sha256:862b6164e9a38b5c495be2c2854e75fd8af12c5be4c61dc9b42d255980d7e907",
                "sha256:8ddb4f9ce6bb388ecc97b4b3eb37e786f05d7d5815e8822e0d87a3dbd7100649",
                "sha256:92eb03f47427fea452ff6956d11f5d5a3f22a048c90a0f34fa223e6badab6c85",
                "sha256:a5f3bc727fea58f21d99c22e6d4fca652dc11dbc2a1e7cfc4838cd53b2e3691f",
                "sha256:a6180dbf5945b27e9420e1b58c3cacfc79ad5278bdad3ea35109f5680fbe16d1",
                "sha256:b158f673ae6a6523f13704f70aa7e4ce875f91e379bece4362c89db18db189d5",
                "sha256:cd45b4542134de63e7b9dd653e0a2d7d47ffed9615e3637c27ca5f6b78ea68bb",
                "sha256:d2404336fd16788ea757d4218a2580de60adb052d9888031e765320be8884309",
                "sha256:db888d4fb33a2fd54b57ac55d5015e51fa849f0d8592bd799b4e47f83bd04e00",
                "sha256:dde0ac721c7c5bfa5f9fc285e811274dec3c392f2c1225f7d07ca98a8187ca84",
                "sha256:de0d06ccbc06af5bf93bddec10f4f80275c5d74ea6d28b456931f3955f58bc8c",
                "sha256:e02dad60e3e8442eefd28095e99b2ac98f2b8667167493ac6a2f3aadb5d84a17",
                "sha256:e960fe211496333b2f7e36badf4c22a919d740386681f79139ee346b403d1ca1",
                "sha256:e9700c52749cb3e90c98efd72b730c97b7e4962992fca5fbcaf1363be8e3b849",
                "sha256:ee318974a1fdacba1701bc9e552e9015788d6345416364af6fa987424ff8df53"
            ],
            "index": "pypi",
            "version": "==2021.8.27"
        },
        "reorder-python-imports": {
            "hashes": [
                "sha256:54a3afd594a3959b10f7eb8b54ef453eb2b5176eb7b01c111cb1893ff9a2c685",
                "sha256:f4dc03142bdb57625e64299aea80e9055ce0f8b719f8f19c217a487c9fa9379e"
            ],
            "index": "pypi",
            "version": "==2.6.0"
        },
        "toml": {
            "hashes": [
                "sha256:806143ae5bfb6a3c6e736a764057db0e6a0e05e338b5630894a5f779cabb4f9b",
                "sha256:b3bda1d108d5dd99f4a20d24d9c348e91c4db7ab1b749200bded2f839ccbe68f"
            ],
            "markers": "python_version >= '2.6' and python_version not in '3.0, 3.1, 3.2, 3.3'",
            "version": "==0.10.2"
        },
        "tomli": {
            "hashes": [
                "sha256:8dd0e9524d6f386271a36b41dbf6c57d8e32fd96fd22b6584679dc569d20899f",
                "sha256:a5b75cb6f3968abb47af1b40c1819dc519ea82bcc065776a866e8d74c5ca9442"
            ],
            "markers": "python_version >= '3.6'",
            "version": "==1.2.1"
        }
    }
}
